<Solution>
  <Folder Name="/tests/">
    <Project Path="tests/OpcUaNodesetExporter.AppHost/OpcUaNodesetExporter.AppHost.csproj" />
    <Project Path="tests/OpcUaNodesetExporter.Tests/OpcUaNodesetExporter.Tests.csproj" />
  </Folder>
  <Folder Name="/w/">
    <Project Path="src/OpcUaNodesetExporter/OpcUaNodesetExporter.csproj" />
  </Folder>
</Solution>
